Microsoft Visual Studio Solution File, Format Version 12.00
# Visual Studio Version 16
VisualStudioVersion = 16.0.31624.102
MinimumVisualStudioVersion = 10.0.40219.1
Project("{9A19103F-16F7-4668-BE54-9A1E7A4F7556}") = "MainPart", "MainPart\MainPart.csproj", "{17BFDB10-78CB-4AF5-A6A5-159128B8253C}"
EndProject
Project("{9A19103F-16F7-4668-BE54-9A1E7A4F7556}") = "TestGeneratorLib", "TestGeneratorLib\TestGeneratorLib.csproj", "{2E739C49-2BD3-4F10-BD70-B9D06959E47C}"
EndProject
Project("{9A19103F-16F7-4668-BE54-9A1E7A4F7556}") = "UnitTestForLib", "UnitTestForLib\UnitTestForLib.csproj", "{46AAE4DA-F03E-47C3-8001-6F46805572E3}"
EndProject
Project("{FAE04EC0-301F-11D3-BF4B-00C04F79EFBC}") = "GeneratedTests", "GeneratedTests\GeneratedTests.csproj", "{058D50BE-9DD6-4022-A953-6773C33962FB}"
EndProject
Global
	GlobalSection(SolutionConfigurationPlatforms) = preSolution
		Debug|Any CPU = Debug|Any CPU
		Release|Any CPU = Release|Any CPU
	EndGlobalSection
	GlobalSection(ProjectConfigurationPlatforms) = postSolution
		{17BFDB10-78CB-4AF5-A6A5-159128B8253C}.Debug|Any CPU.ActiveCfg = Debug|Any CPU
		{17BFDB10-78CB-4AF5-A6A5-159128B8253C}.Debug|Any CPU.Build.0 = Debug|Any CPU
		{17BFDB10-78CB-4AF5-A6A5-159128B8253C}.Release|Any CPU.ActiveCfg = Release|Any CPU
		{17BFDB10-78CB-4AF5-A6A5-159128B8253C}.Release|Any CPU.Build.0 = Release|Any CPU
		{2E739C49-2BD3-4F10-BD70-B9D06959E47C}.Debug|Any CPU.ActiveCfg = Debug|Any CPU
		{2E739C49-2BD3-4F10-BD70-B9D06959E47C}.Debug|Any CPU.Build.0 = Debug|Any CPU
		{2E739C49-2BD3-4F10-BD70-B9D06959E47C}.Release|Any CPU.ActiveCfg = Release|Any CPU
		{2E739C49-2BD3-4F10-BD70-B9D06959E47C}.Release|Any CPU.Build.0 = Release|Any CPU
		{46AAE4DA-F03E-47C3-8001-6F46805572E3}.Debug|Any CPU.ActiveCfg = Debug|Any CPU
		{46AAE4DA-F03E-47C3-8001-6F46805572E3}.Debug|Any CPU.Build.0 = Debug|Any CPU
		{46AAE4DA-F03E-47C3-8001-6F46805572E3}.Release|Any CPU.ActiveCfg = Release|Any CPU
		{46AAE4DA-F03E-47C3-8001-6F46805572E3}.Release|Any CPU.Build.0 = Release|Any CPU
		{058D50BE-9DD6-4022-A953-6773C33962FB}.Debug|Any CPU.ActiveCfg = Debug|Any CPU
		{058D50BE-9DD6-4022-A953-6773C33962FB}.Debug|Any CPU.Build.0 = Debug|Any CPU
		{058D50BE-9DD6-4022-A953-6773C33962FB}.Release|Any CPU.ActiveCfg = Release|Any CPU
		{058D50BE-9DD6-4022-A953-6773C33962FB}.Release|Any CPU.Build.0 = Release|Any CPU
	EndGlobalSection
	GlobalSection(SolutionProperties) = preSolution
		HideSolutionNode = FALSE
	EndGlobalSection
	GlobalSection(ExtensibilityGlobals) = postSolution
		SolutionGuid = {1C491D66-CC7E-45FA-A129-25FEF6ED6ACF}
	EndGlobalSection
EndGlobal
